// !$*UTF8*$!
{
	archiveVersion = 1;
	classes = {
	};
	objectVersion = 77;
	objects = {

/* Begin PBXBuildFile section */
		D5B6A6E42F970447007C7872 /* LoopTogetherWatch Watch App.app in Embed Watch Content */ = {isa = PBXBuildFile; fileRef = D5B6A6DA2F970445007C7872 /* LoopTogetherWatch Watch App.app */; settings = {ATTRIBUTES = (RemoveHeadersOnCopy, ); }; };
		D5B6A7072F987356007C7872 /* WidgetKit.framework in Frameworks */ = {isa = PBXBuildFile; fileRef = D5B6A7062F987356007C7872 /* WidgetKit.framework */; };
		D5B6A7092F987356007C7872 /* SwiftUI.framework in Frameworks */ = {isa = PBXBuildFile; fileRef = D5B6A7082F987356007C7872 /* SwiftUI.framework */; };
		D5B6A7162F987358007C7872 /* LoopTogetherWidgetExtension.appex in Embed Foundation Extensions */ = {isa = PBXBuildFile; fileRef = D5B6A7042F987356007C7872 /* LoopTogetherWidgetExtension.appex */; settings = {ATTRIBUTES = (RemoveHeadersOnCopy, ); }; };
		D5B881E82F960C3D004EC7EC /* FirebaseAuth in Frameworks */ = {isa = PBXBuildFile; productRef = D5B881E72F960C3D004EC7EC /* FirebaseAuth */; };
		D5B881EA2F960C3D004EC7EC /* FirebaseCore in Frameworks */ = {isa = PBXBuildFile; productRef = D5B881E92F960C3D004EC7EC /* FirebaseCore */; };
		D5B881EC2F960C3D004EC7EC /* FirebaseFirestore in Frameworks */ = {isa = PBXBuildFile; productRef = D5B881EB2F960C3D004EC7EC /* FirebaseFirestore */; };
		D5B881F12F961498004EC7EC /* GoogleSignIn in Frameworks */ = {isa = PBXBuildFile; productRef = D5B881F02F961498004EC7EC /* GoogleSignIn */; };
		D5B881F32F961498004EC7EC /* GoogleSignInSwift in Frameworks */ = {isa = PBXBuildFile; productRef = D5B881F22F961498004EC7EC /* GoogleSignInSwift */; };
/* End PBXBuildFile section */

/* Begin PBXContainerItemProxy section */
		D5B6A6E22F970447007C7872 /* PBXContainerItemProxy */ = {
			isa = PBXContainerItemProxy;
			containerPortal = D5E427752F94654D0009EA12 /* Project object */;
			proxyType = 1;
			remoteGlobalIDString = D5B6A6D92F970445007C7872;
			remoteInfo = "LoopTogetherWatch Watch App";
		};
		D5B6A7142F987358007C7872 /* PBXContainerItemProxy */ = {
			isa = PBXContainerItemProxy;
			containerPortal = D5E427752F94654D0009EA12 /* Project object */;
			proxyType = 1;
			remoteGlobalIDString = D5B6A7032F987356007C7872;
			remoteInfo = LoopTogetherWidgetExtension;
		};
/* End PBXContainerItemProxy section */

/* Begin PBXCopyFilesBuildPhase section */
		D5B6A6E52F970447007C7872 /* Embed Watch Content */ = {
			isa = PBXCopyFilesBuildPhase;
			buildActionMask = 2147483647;
			dstPath = "$(CONTENTS_FOLDER_PATH)/Watch";
			dstSubfolderSpec = 16;
			files = (
				D5B6A6E42F970447007C7872 /* LoopTogetherWatch Watch App.app in Embed Watch Content */,
			);
			name = "Embed Watch Content";
			runOnlyForDeploymentPostprocessing = 0;
		};
		D5B6A71B2F987358007C7872 /* Embed Foundation Extensions */ = {
			isa = PBXCopyFilesBuildPhase;
			buildActionMask = 2147483647;
			dstPath = "";
			dstSubfolderSpec = 13;
			files = (
				D5B6A7162F987358007C7872 /* LoopTogetherWidgetExtension.appex in Embed Foundation Extensions */,
			);
			name = "Embed Foundation Extensions";
			runOnlyForDeploymentPostprocessing = 0;
		};
/* End PBXCopyFilesBuildPhase section */

/* Begin PBXFileReference section */
		D5B6A6DA2F970445007C7872 /* LoopTogetherWatch Watch App.app */ = {isa = PBXFileReference; explicitFileType = wrapper.application; includeInIndex = 0; path = "LoopTogetherWatch Watch App.app"; sourceTree = BUILT_PRODUCTS_DIR; };
		D5B6A7042F987356007C7872 /* LoopTogetherWidgetExtension.appex */ = {isa = PBXFileReference; explicitFileType = "wrapper.app-extension"; includeInIndex = 0; path = LoopTogetherWidgetExtension.appex; sourceTree = BUILT_PRODUCTS_DIR; };
		D5B6A7062F987356007C7872 /* WidgetKit.framework */ = {isa = PBXFileReference; lastKnownFileType = wrapper.framework; name = WidgetKit.framework; path = System/Library/Frameworks/WidgetKit.framework; sourceTree = SDKROOT; };
		D5B6A7082F987356007C7872 /* SwiftUI.framework */ = {isa = PBXFileReference; lastKnownFileType = wrapper.framework; name = SwiftUI.framework; path = System/Library/Frameworks/SwiftUI.framework; sourceTree = SDKROOT; };
		D5E4277D2F94654D0009EA12 /* nameRunner.app */ = {isa = PBXFileReference; explicitFileType = wrapper.application; includeInIndex = 0; path = nameRunner.app; sourceTree = BUILT_PRODUCTS_DIR; };
/* End PBXFileReference section */

/* Begin PBXFileSystemSynchronizedBuildFileExceptionSet section */
		D5B6A71A2F987358007C7872 /* Exceptions for "LoopTogetherWidget" folder in "LoopTogetherWidgetExtension" target */ = {
			isa = PBXFileSystemSynchronizedBuildFileExceptionSet;
			membershipExceptions = (
				Info.plist,
			);
			target = D5B6A7032F987356007C7872 /* LoopTogetherWidgetExtension */;
		};
		D5E427922F9479FE0009EA12 /* Exceptions for "nameRunner" folder in "nameRunner" target */ = {
			isa = PBXFileSystemSynchronizedBuildFileExceptionSet;
			membershipExceptions = (
				Info.plist,
			);
			target = D5E4277C2F94654D0009EA12 /* nameRunner */;
		};
/* End PBXFileSystemSynchronizedBuildFileExceptionSet section */

/* Begin PBXFileSystemSynchronizedRootGroup section */
		D5B6A6DB2F970445007C7872 /* LoopTogetherWatch Watch App */ = {
			isa = PBXFileSystemSynchronizedRootGroup;
			path = "LoopTogetherWatch Watch App";
			sourceTree = "<group>";
		};
		D5B6A70A2F987356007C7872 /* LoopTogetherWidget */ = {
			isa = PBXFileSystemSynchronizedRootGroup;
			exceptions = (
				D5B6A71A2F987358007C7872 /* Exceptions for "LoopTogetherWidget" folder in "LoopTogetherWidgetExtension" target */,
			);
			path = LoopTogetherWidget;
			sourceTree = "<group>";
		};
		D5E4277F2F94654D0009EA12 /* nameRunner */ = {
			isa = PBXFileSystemSynchronizedRootGroup;
			exceptions = (
				D5E427922F9479FE0009EA12 /* Exceptions for "nameRunner" folder in "nameRunner" target */,
			);
			path = nameRunner;
			sourceTree = "<group>";
		};
/* End PBXFileSystemSynchronizedRootGroup section */

/* Begin PBXFrameworksBuildPhase section */
		D5B6A6D72F970445007C7872 /* Frameworks */ = {
			isa = PBXFrameworksBuildPhase;
			buildActionMask = 2147483647;
			files = (
			);
			runOnlyForDeploymentPostprocessing = 0;
		};
		D5B6A7012F987356007C7872 /* Frameworks */ = {
			isa = PBXFrameworksBuildPhase;
			buildActionMask = 2147483647;
			files = (
				D5B6A7092F987356007C7872 /* SwiftUI.framework in Frameworks */,
				D5B6A7072F987356007C7872 /* WidgetKit.framework in Frameworks */,
			);
			runOnlyForDeploymentPostprocessing = 0;
		};
		D5E4277A2F94654D0009EA12 /* Frameworks */ = {
			isa = PBXFrameworksBuildPhase;
			buildActionMask = 2147483647;
			files = (
				D5B881F32F961498004EC7EC /* GoogleSignInSwift in Frameworks */,
				D5B881EA2F960C3D004EC7EC /* FirebaseCore in Frameworks */,
				D5B881F12F961498004EC7EC /* GoogleSignIn in Frameworks */,
				D5B881E82F960C3D004EC7EC /* FirebaseAuth in Frameworks */,
				D5B881EC2F960C3D004EC7EC /* FirebaseFirestore in Frameworks */,
			);
			runOnlyForDeploymentPostprocessing = 0;
		};
/* End PBXFrameworksBuildPhase section */

/* Begin PBXGroup section */
		D5B6A7052F987356007C7872 /* Frameworks */ = {
			isa = PBXGroup;
			children = (
				D5B6A7062F987356007C7872 /* WidgetKit.framework */,
				D5B6A7082F987356007C7872 /* SwiftUI.framework */,
			);
			name = Frameworks;
			sourceTree = "<group>";
		};
		D5E427742F94654D0009EA12 = {
			isa = PBXGroup;
			children = (
				D5E4277F2F94654D0009EA12 /* nameRunner */,
				D5B6A6DB2F970445007C7872 /* LoopTogetherWatch Watch App */,
				D5B6A70A2F987356007C7872 /* LoopTogetherWidget */,
				D5B6A7052F987356007C7872 /* Frameworks */,
				D5E4277E2F94654D0009EA12 /* Products */,
			);
			sourceTree = "<group>";
		};
		D5E4277E2F94654D0009EA12 /* Products */ = {
			isa = PBXGroup;
			children = (
				D5E4277D2F94654D0009EA12 /* nameRunner.app */,
				D5B6A6DA2F970445007C7872 /* LoopTogetherWatch Watch App.app */,
				D5B6A7042F987356007C7872 /* LoopTogetherWidgetExtension.appex */,
			);
			name = Products;
			sourceTree = "<group>";
		};
/* End PBXGroup section */

/* Begin PBXNativeTarget section */
		D5B6A6D92F970445007C7872 /* LoopTogetherWatch Watch App */ = {
			isa = PBXNativeTarget;
			buildConfigurationList = D5B6A6E82F970447007C7872 /* Build configuration list for PBXNativeTarget "LoopTogetherWatch Watch App" */;
			buildPhases = (
				D5B6A6D62F970445007C7872 /* Sources */,
				D5B6A6D72F970445007C7872 /* Frameworks */,
				D5B6A6D82F970445007C7872 /* Resources */,
			);
			buildRules = (
			);
			dependencies = (
			);
			fileSystemSynchronizedGroups = (
				D5B6A6DB2F970445007C7872 /* LoopTogetherWatch Watch App */,
			);
			name = "LoopTogetherWatch Watch App";
			packageProductDependencies = (
			);
			productName = "LoopTogetherWatch Watch App";
			productReference = D5B6A6DA2F970445007C7872 /* LoopTogetherWatch Watch App.app */;
			productType = "com.apple.product-type.application";
		};
		D5B6A7032F987356007C7872 /* LoopTogetherWidgetExtension */ = {
			isa = PBXNativeTarget;
			buildConfigurationList = D5B6A7172F987358007C7872 /* Build configuration list for PBXNativeTarget "LoopTogetherWidgetExtension" */;
			buildPhases = (
				D5B6A7002F987356007C7872 /* Sources */,
				D5B6A7012F987356007C7872 /* Frameworks */,
				D5B6A7022F987356007C7872 /* Resources */,
			);
			buildRules = (
			);
			dependencies = (
			);
			fileSystemSynchronizedGroups = (
				D5B6A70A2F987356007C7872 /* LoopTogetherWidget */,
			);
			name = LoopTogetherWidgetExtension;
			packageProductDependencies = (
			);
			productName = LoopTogetherWidgetExtension;
			productReference = D5B6A7042F987356007C7872 /* LoopTogetherWidgetExtension.appex */;
			productType = "com.apple.product-type.app-extension";
		};
		D5E4277C2F94654D0009EA12 /* nameRunner */ = {
			isa = PBXNativeTarget;
			buildConfigurationList = D5E427882F94654E0009EA12 /* Build configuration list for PBXNativeTarget "nameRunner" */;
			buildPhases = (
				D5E427792F94654D0009EA12 /* Sources */,
				D5E4277A2F94654D0009EA12 /* Frameworks */,
				D5E4277B2F94654D0009EA12 /* Resources */,
				D5B6A6E52F970447007C7872 /* Embed Watch Content */,
				D5B6A71B2F987358007C7872 /* Embed Foundation Extensions */,
			);
			buildRules = (
			);
			dependencies = (
				D5B6A6E32F970447007C7872 /* PBXTargetDependency */,
				D5B6A7152F987358007C7872 /* PBXTargetDependency */,
			);
			fileSystemSynchronizedGroups = (
				D5E4277F2F94654D0009EA12 /* nameRunner */,
			);
			name = nameRunner;
			packageProductDependencies = (
				D5B881E72F960C3D004EC7EC /* FirebaseAuth */,
				D5B881E92F960C3D004EC7EC /* FirebaseCore */,
				D5B881EB2F960C3D004EC7EC /* FirebaseFirestore */,
				D5B881F02F961498004EC7EC /* GoogleSignIn */,
				D5B881F22F961498004EC7EC /* GoogleSignInSwift */,
			);
			productName = nameRunner;
			productReference = D5E4277D2F94654D0009EA12 /* nameRunner.app */;
			productType = "com.apple.product-type.application";
		};
/* End PBXNativeTarget section */

/* Begin PBXProject section */
		D5E427752F94654D0009EA12 /* Project object */ = {
			isa = PBXProject;
			attributes = {
				BuildIndependentTargetsInParallel = 1;
				LastSwiftUpdateCheck = 2640;
				LastUpgradeCheck = 2640;
				TargetAttributes = {
					D5B6A6D92F970445007C7872 = {
						CreatedOnToolsVersion = 26.4.1;
					};
					D5B6A7032F987356007C7872 = {
						CreatedOnToolsVersion = 26.4.1;
					};
					D5E4277C2F94654D0009EA12 = {
						CreatedOnToolsVersion = 26.4.1;
					};
				};
			};
			buildConfigurationList = D5E427782F94654D0009EA12 /* Build configuration list for PBXProject "nameRunner" */;
			developmentRegion = en;
			hasScannedForEncodings = 0;
			knownRegions = (
				en,
				Base,
			);
			mainGroup = D5E427742F94654D0009EA12;
			minimizedProjectReferenceProxies = 1;
			packageReferences = (
				D5B881E62F960C3D004EC7EC /* XCRemoteSwiftPackageReference "firebase-ios-sdk" */,
				D5B881EF2F961498004EC7EC /* XCRemoteSwiftPackageReference "GoogleSignIn-iOS" */,
			);
			preferredProjectObjectVersion = 77;
			productRefGroup = D5E4277E2F94654D0009EA12 /* Products */;
			projectDirPath = "";
			projectRoot = "";
			targets = (
				D5E4277C2F94654D0009EA12 /* nameRunner */,
				D5B6A6D92F970445007C7872 /* LoopTogetherWatch Watch App */,
				D5B6A7032F987356007C7872 /* LoopTogetherWidgetExtension */,
			);
		};
/* End PBXProject section */

/* Begin PBXResourcesBuildPhase section */
		D5B6A6D82F970445007C7872 /* Resources */ = {
			isa = PBXResourcesBuildPhase;
			buildActionMask = 2147483647;
			files = (
			);
			runOnlyForDeploymentPostprocessing = 0;
		};
		D5B6A7022F987356007C7872 /* Resources */ = {
			isa = PBXResourcesBuildPhase;
			buildActionMask = 2147483647;
			files = (
			);
			runOnlyForDeploymentPostprocessing = 0;
		};
		D5E4277B2F94654D0009EA12 /* Resources */ = {
			isa = PBXResourcesBuildPhase;
			buildActionMask = 2147483647;
			files = (
			);
			runOnlyForDeploymentPostprocessing = 0;
		};
/* End PBXResourcesBuildPhase section */

/* Begin PBXSourcesBuildPhase section */
		D5B6A6D62F970445007C7872 /* Sources */ = {
			isa = PBXSourcesBuildPhase;
			buildActionMask = 2147483647;
			files = (
			);
			runOnlyForDeploymentPostprocessing = 0;
		};
		D5B6A7002F987356007C7872 /* Sources */ = {
			isa = PBXSourcesBuildPhase;
			buildActionMask = 2147483647;
			files = (
			);
			runOnlyForDeploymentPostprocessing = 0;
		};
		D5E427792F94654D0009EA12 /* Sources */ = {
			isa = PBXSourcesBuildPhase;
			buildActionMask = 2147483647;
			files = (
			);
			runOnlyForDeploymentPostprocessing = 0;
		};
/* End PBXSourcesBuildPhase section */

/* Begin PBXTargetDependency section */
		D5B6A6E32F970447007C7872 /* PBXTargetDependency */ = {
			isa = PBXTargetDependency;
			target = D5B6A6D92F970445007C7872 /* LoopTogetherWatch Watch App */;
			targetProxy = D5B6A6E22F970447007C7872 /* PBXContainerItemProxy */;
		};
		D5B6A7152F987358007C7872 /* PBXTargetDependency */ = {
			isa = PBXTargetDependency;
			target = D5B6A7032F987356007C7872 /* LoopTogetherWidgetExtension */;
			targetProxy = D5B6A7142F987358007C7872 /* PBXContainerItemProxy */;
		};
/* End PBXTargetDependency section */

/* Begin XCBuildConfiguration section */
		D5B6A6E62F970447007C7872 /* Debug */ = {
			isa = XCBuildConfiguration;
			buildSettings = {
				ASSETCATALOG_COMPILER_APPICON_NAME = AppIcon;
				ASSETCATALOG_COMPILER_GLOBAL_ACCENT_COLOR_NAME = AccentColor;
				CODE_SIGN_ENTITLEMENTS = "LoopTogetherWatch Watch App/LoopTogetherWatch Watch App.entitlements";
				CODE_SIGN_STYLE = Automatic;
				CURRENT_PROJECT_VERSION = 1;
				DEVELOPMENT_TEAM = 4XYL5CEK26;
				ENABLE_PREVIEWS = YES;
				GENERATE_INFOPLIST_FILE = YES;
				INFOPLIST_KEY_CFBundleDisplayName = LoopTogetherWatch;
				INFOPLIST_KEY_NSHealthShareUsageDescription = "LoopTogether reads your health data during runs. ";
				INFOPLIST_KEY_NSHealthUpdateUsageDescription = "LoopTogether saves your workout data to Health.";
				INFOPLIST_KEY_NSLocationWhenInUseUsageDescription = "LoopTogether uses your location to track your run route.";
				INFOPLIST_KEY_NSMotionUsageDescription = "LoopTogether uses motion data to track indoor walk \n  distance.";
				INFOPLIST_KEY_UISupportedInterfaceOrientations = "UIInterfaceOrientationPortrait UIInterfaceOrientationPortraitUpsideDown";
				INFOPLIST_KEY_WKCompanionAppBundleIdentifier = com.Khawar.LoopTogether;
				LD_RUNPATH_SEARCH_PATHS = (
					"$(inherited)",
					"@executable_path/Frameworks",
				);
				MARKETING_VERSION = 1.0;
				PRODUCT_BUNDLE_IDENTIFIER = com.Khawar.LoopTogether.watchkitapp;
				PRODUCT_NAME = "$(TARGET_NAME)";
				SDKROOT = watchos;
				SKIP_INSTALL = YES;
				STRING_CATALOG_GENERATE_SYMBOLS = YES;
				SWIFT_APPROACHABLE_CONCURRENCY = YES;
				SWIFT_DEFAULT_ACTOR_ISOLATION = MainActor;
				SWIFT_EMIT_LOC_STRINGS = YES;
				SWIFT_UPCOMING_FEATURE_MEMBER_IMPORT_VISIBILITY = YES;
				SWIFT_VERSION = 5.0;
				TARGETED_DEVICE_FAMILY = 4;
				WATCHOS_DEPLOYMENT_TARGET = 11.6;
			};
			name = Debug;
		};
		D5B6A6E72F970447007C7872 /* Release */ = {
			isa = XCBuildConfiguration;
			buildSettings = {
				ASSETCATALOG_COMPILER_APPICON_NAME = AppIcon;
				ASSETCATALOG_COMPILER_GLOBAL_ACCENT_COLOR_NAME = AccentColor;
				CODE_SIGN_ENTITLEMENTS = "LoopTogetherWatch Watch App/LoopTogetherWatch Watch App.entitlements";
				CODE_SIGN_STYLE = Automatic;
				CURRENT_PROJECT_VERSION = 1;
				DEVELOPMENT_TEAM = 4XYL5CEK26;
				ENABLE_PREVIEWS = YES;
				GENERATE_INFOPLIST_FILE = YES;
				INFOPLIST_KEY_CFBundleDisplayName = LoopTogetherWatch;
				INFOPLIST_KEY_NSHealthShareUsageDescription = "LoopTogether reads your health data during runs. ";
				INFOPLIST_KEY_NSHealthUpdateUsageDescription = "LoopTogether saves your workout data to Health.";
				INFOPLIST_KEY_NSLocationWhenInUseUsageDescription = "LoopTogether uses your location to track your run route.";
				INFOPLIST_KEY_NSMotionUsageDescription = "LoopTogether uses motion data to track indoor walk \n  distance.";
				INFOPLIST_KEY_UISupportedInterfaceOrientations = "UIInterfaceOrientationPortrait UIInterfaceOrientationPortraitUpsideDown";
				INFOPLIST_KEY_WKCompanionAppBundleIdentifier = com.Khawar.LoopTogether;
				LD_RUNPATH_SEARCH_PATHS = (
					"$(inherited)",
					"@executable_path/Frameworks",
				);
				MARKETING_VERSION = 1.0;
				PRODUCT_BUNDLE_IDENTIFIER = com.Khawar.LoopTogether.watchkitapp;
				PRODUCT_NAME = "$(TARGET_NAME)";
				SDKROOT = watchos;
				SKIP_INSTALL = YES;
				STRING_CATALOG_GENERATE_SYMBOLS = YES;
				SWIFT_APPROACHABLE_CONCURRENCY = YES;
				SWIFT_DEFAULT_ACTOR_ISOLATION = MainActor;
				SWIFT_EMIT_LOC_STRINGS = YES;
				SWIFT_UPCOMING_FEATURE_MEMBER_IMPORT_VISIBILITY = YES;
				SWIFT_VERSION = 5.0;
				TARGETED_DEVICE_FAMILY = 4;
				VALIDATE_PRODUCT = YES;
				WATCHOS_DEPLOYMENT_TARGET = 11.6;
			};
			name = Release;
		};
		D5B6A7182F987358007C7872 /* Debug */ = {
			isa = XCBuildConfiguration;
			buildSettings = {
				ASSETCATALOG_COMPILER_GLOBAL_ACCENT_COLOR_NAME = AccentColor;
				ASSETCATALOG_COMPILER_WIDGET_BACKGROUND_COLOR_NAME = WidgetBackground;
				CODE_SIGN_STYLE = Automatic;
				CURRENT_PROJECT_VERSION = 1;
				DEVELOPMENT_TEAM = 4XYL5CEK26;
				GENERATE_INFOPLIST_FILE = YES;
				INFOPLIST_FILE = LoopTogetherWidget/Info.plist;
				INFOPLIST_KEY_CFBundleDisplayName = LoopTogetherWidget;
				INFOPLIST_KEY_NSHumanReadableCopyright = "";
				IPHONEOS_DEPLOYMENT_TARGET = 18.6;
				LD_RUNPATH_SEARCH_PATHS = (
					"$(inherited)",
					"@executable_path/Frameworks",
					"@executable_path/../../Frameworks",
				);
				MARKETING_VERSION = 1.0;
				PRODUCT_BUNDLE_IDENTIFIER = com.Khawar.LoopTogether.LoopTogetherWidget;
				PRODUCT_NAME = "$(TARGET_NAME)";
				SDKROOT = iphoneos;
				SKIP_INSTALL = YES;
				STRING_CATALOG_GENERATE_SYMBOLS = YES;
				SWIFT_APPROACHABLE_CONCURRENCY = YES;
				SWIFT_EMIT_LOC_STRINGS = YES;
				SWIFT_UPCOMING_FEATURE_MEMBER_IMPORT_VISIBILITY = YES;
				SWIFT_VERSION = 5.0;
				TARGETED_DEVICE_FAMILY = "1,2";
			};
			name = Debug;
		};
		D5B6A7192F987358007C7872 /* Release */ = {
			isa = XCBuildConfiguration;
			buildSettings = {
				ASSETCATALOG_COMPILER_GLOBAL_ACCENT_COLOR_NAME = AccentColor;
				ASSETCATALOG_COMPILER_WIDGET_BACKGROUND_COLOR_NAME = WidgetBackground;
				CODE_SIGN_STYLE = Automatic;
				CURRENT_PROJECT_VERSION = 1;
				DEVELOPMENT_TEAM = 4XYL5CEK26;
				GENERATE_INFOPLIST_FILE = YES;
				INFOPLIST_FILE = LoopTogetherWidget/Info.plist;
				INFOPLIST_KEY_CFBundleDisplayName = LoopTogetherWidget;
				INFOPLIST_KEY_NSHumanReadableCopyright = "";
				IPHONEOS_DEPLOYMENT_TARGET = 18.6;
				LD_RUNPATH_SEARCH_PATHS = (
					"$(inherited)",
					"@executable_path/Frameworks",
					"@executable_path/../../Frameworks",
				);
				MARKETING_VERSION = 1.0;
				PRODUCT_BUNDLE_IDENTIFIER = com.Khawar.LoopTogether.LoopTogetherWidget;
				PRODUCT_NAME = "$(TARGET_NAME)";
				SDKROOT = iphoneos;
				SKIP_INSTALL = YES;
				STRING_CATALOG_GENERATE_SYMBOLS = YES;
				SWIFT_APPROACHABLE_CONCURRENCY = YES;
				SWIFT_EMIT_LOC_STRINGS = YES;
				SWIFT_UPCOMING_FEATURE_MEMBER_IMPORT_VISIBILITY = YES;
				SWIFT_VERSION = 5.0;
				TARGETED_DEVICE_FAMILY = "1,2";
				VALIDATE_PRODUCT = YES;
			};
			name = Release;
		};
		D5E427862F94654E0009EA12 /* Debug */ = {
			isa = XCBuildConfiguration;
			buildSettings = {
				ALWAYS_SEARCH_USER_PATHS = NO;
				ASSETCATALOG_COMPILER_GENERATE_SWIFT_ASSET_SYMBOL_EXTENSIONS = YES;
				CLANG_ANALYZER_NONNULL = YES;
				CLANG_ANALYZER_NUMBER_OBJECT_CONVERSION = YES_AGGRESSIVE;
				CLANG_CXX_LANGUAGE_STANDARD = "gnu++20";
				CLANG_ENABLE_MODULES = YES;
				CLANG_ENABLE_OBJC_ARC = YES;
				CLANG_ENABLE_OBJC_WEAK = YES;
				CLANG_WARN_BLOCK_CAPTURE_AUTORELEASING = YES;
				CLANG_WARN_BOOL_CONVERSION = YES;
				CLANG_WARN_COMMA = YES;
				CLANG_WARN_CONSTANT_CONVERSION = YES;
				CLANG_WARN_DEPRECATED_OBJC_IMPLEMENTATIONS = YES;
				CLANG_WARN_DIRECT_OBJC_ISA_USAGE = YES_ERROR;
				CLANG_WARN_DOCUMENTATION_COMMENTS = YES;
				CLANG_WARN_EMPTY_BODY = YES;
				CLANG_WARN_ENUM_CONVERSION = YES;
				CLANG_WARN_INFINITE_RECURSION = YES;
				CLANG_WARN_INT_CONVERSION = YES;
				CLANG_WARN_NON_LITERAL_NULL_CONVERSION = YES;
				CLANG_WARN_OBJC_IMPLICIT_RETAIN_SELF = YES;
				CLANG_WARN_OBJC_LITERAL_CONVERSION = YES;
				CLANG_WARN_OBJC_ROOT_CLASS = YES_ERROR;
				CLANG_WARN_QUOTED_INCLUDE_IN_FRAMEWORK_HEADER = YES;
				CLANG_WARN_RANGE_LOOP_ANALYSIS = YES;
				CLANG_WARN_STRICT_PROTOTYPES = YES;
				CLANG_WARN_SUSPICIOUS_MOVE = YES;
				CLANG_WARN_UNGUARDED_AVAILABILITY = YES_AGGRESSIVE;
				CLANG_WARN_UNREACHABLE_CODE = YES;
				CLANG_WARN__DUPLICATE_METHOD_MATCH = YES;
				COPY_PHASE_STRIP = NO;
				DEBUG_INFORMATION_FORMAT = dwarf;
				ENABLE_STRICT_OBJC_MSGSEND = YES;
				ENABLE_TESTABILITY = YES;
				ENABLE_USER_SCRIPT_SANDBOXING = YES;
				GCC_C_LANGUAGE_STANDARD = gnu17;
				GCC_DYNAMIC_NO_PIC = NO;
				GCC_NO_COMMON_BLOCKS = YES;
				GCC_OPTIMIZATION_LEVEL = 0;
				GCC_PREPROCESSOR_DEFINITIONS = (
					"DEBUG=1",
					"$(inherited)",
				);
				GCC_WARN_64_TO_32_BIT_CONVERSION = YES;
				GCC_WARN_ABOUT_RETURN_TYPE = YES_ERROR;
				GCC_WARN_UNDECLARED_SELECTOR = YES;
				GCC_WARN_UNINITIALIZED_AUTOS = YES_AGGRESSIVE;
				GCC_WARN_UNUSED_FUNCTION = YES;
				GCC_WARN_UNUSED_VARIABLE = YES;
				LOCALIZATION_PREFERS_STRING_CATALOGS = YES;
				MTL_ENABLE_DEBUG_INFO = INCLUDE_SOURCE;
				MTL_FAST_MATH = YES;
				ONLY_ACTIVE_ARCH = YES;
				SWIFT_ACTIVE_COMPILATION_CONDITIONS = "DEBUG $(inherited)";
				SWIFT_OPTIMIZATION_LEVEL = "-Onone";
			};
			name = Debug;
		};
		D5E427872F94654E0009EA12 /* Release */ = {
			isa = XCBuildConfiguration;
			buildSettings = {
				ALWAYS_SEARCH_USER_PATHS = NO;
				ASSETCATALOG_COMPILER_GENERATE_SWIFT_ASSET_SYMBOL_EXTENSIONS = YES;
				CLANG_ANALYZER_NONNULL = YES;
				CLANG_ANALYZER_NUMBER_OBJECT_CONVERSION = YES_AGGRESSIVE;
				CLANG_CXX_LANGUAGE_STANDARD = "gnu++20";
				CLANG_ENABLE_MODULES = YES;
				CLANG_ENABLE_OBJC_ARC = YES;
				CLANG_ENABLE_OBJC_WEAK = YES;
				CLANG_WARN_BLOCK_CAPTURE_AUTORELEASING = YES;
				CLANG_WARN_BOOL_CONVERSION = YES;
				CLANG_WARN_COMMA = YES;
				CLANG_WARN_CONSTANT_CONVERSION = YES;
				CLANG_WARN_DEPRECATED_OBJC_IMPLEMENTATIONS = YES;
				CLANG_WARN_DIRECT_OBJC_ISA_USAGE = YES_ERROR;
				CLANG_WARN_DOCUMENTATION_COMMENTS = YES;
				CLANG_WARN_EMPTY_BODY = YES;
				CLANG_WARN_ENUM_CONVERSION = YES;
				CLANG_WARN_INFINITE_RECURSION = YES;
				CLANG_WARN_INT_CONVERSION = YES;
				CLANG_WARN_NON_LITERAL_NULL_CONVERSION = YES;
				CLANG_WARN_OBJC_IMPLICIT_RETAIN_SELF = YES;
				CLANG_WARN_OBJC_LITERAL_CONVERSION = YES;
				CLANG_WARN_OBJC_ROOT_CLASS = YES_ERROR;
				CLANG_WARN_QUOTED_INCLUDE_IN_FRAMEWORK_HEADER = YES;
				CLANG_WARN_RANGE_LOOP_ANALYSIS = YES;
				CLANG_WARN_STRICT_PROTOTYPES = YES;
				CLANG_WARN_SUSPICIOUS_MOVE = YES;
				CLANG_WARN_UNGUARDED_AVAILABILITY = YES_AGGRESSIVE;
				CLANG_WARN_UNREACHABLE_CODE = YES;
				CLANG_WARN__DUPLICATE_METHOD_MATCH = YES;
				COPY_PHASE_STRIP = NO;
				DEBUG_INFORMATION_FORMAT = "dwarf-with-dsym";
				ENABLE_NS_ASSERTIONS = NO;
				ENABLE_STRICT_OBJC_MSGSEND = YES;
				ENABLE_USER_SCRIPT_SANDBOXING = YES;
				GCC_C_LANGUAGE_STANDARD = gnu17;
				GCC_NO_COMMON_BLOCKS = YES;
				GCC_WARN_64_TO_32_BIT_CONVERSION = YES;
				GCC_WARN_ABOUT_RETURN_TYPE = YES_ERROR;
				GCC_WARN_UNDECLARED_SELECTOR = YES;
				GCC_WARN_UNINITIALIZED_AUTOS = YES_AGGRESSIVE;
				GCC_WARN_UNUSED_FUNCTION = YES;
				GCC_WARN_UNUSED_VARIABLE = YES;
				LOCALIZATION_PREFERS_STRING_CATALOGS = YES;
				MTL_ENABLE_DEBUG_INFO = NO;
				MTL_FAST_MATH = YES;
				SWIFT_COMPILATION_MODE = wholemodule;
			};
			name = Release;
		};
		D5E427892F94654E0009EA12 /* Debug */ = {
			isa = XCBuildConfiguration;
			buildSettings = {
				ASSETCATALOG_COMPILER_APPICON_NAME = AppIcon;
				ASSETCATALOG_COMPILER_GLOBAL_ACCENT_COLOR_NAME = AccentColor;
				CODE_SIGN_ENTITLEMENTS = nameRunner/nameRunner.entitlements;
				CODE_SIGN_STYLE = Automatic;
				CURRENT_PROJECT_VERSION = 1;
				DEVELOPMENT_TEAM = 4XYL5CEK26;
				ENABLE_APP_SANDBOX = YES;
				ENABLE_PREVIEWS = YES;
				ENABLE_USER_SELECTED_FILES = readonly;
				GENERATE_INFOPLIST_FILE = YES;
				INFOPLIST_FILE = nameRunner/Info.plist;
				INFOPLIST_KEY_CFBundleDisplayName = LoopTogether;
				INFOPLIST_KEY_LSApplicationCategoryType = "public.app-category.healthcare-fitness";
				INFOPLIST_KEY_NSGKFriendListUsageDescription = "";
				INFOPLIST_KEY_NSHealthShareUsageDescription = "LoopTogether reads your step count to show daily progress.";
				INFOPLIST_KEY_NSHealthUpdateUsageDescription = "LoopTogether uses HealthKit to save your workout data. ";
				INFOPLIST_KEY_NSLocationAlwaysAndWhenInUseUsageDescription = "LoopTogether needs your location to center running routes around where you are.";
				INFOPLIST_KEY_NSLocationWhenInUseUsageDescription = "LoopTogether needs your location to center running routes around where you are.\nname​Runner needs your location to center running routes around where you are.\n";
				INFOPLIST_KEY_NSSupportsLiveActivities = YES;
				"INFOPLIST_KEY_UIApplicationSceneManifest_Generation[sdk=iphoneos*]" = YES;
				"INFOPLIST_KEY_UIApplicationSceneManifest_Generation[sdk=iphonesimulator*]" = YES;
				"INFOPLIST_KEY_UIApplicationSupportsIndirectInputEvents[sdk=iphoneos*]" = YES;
				"INFOPLIST_KEY_UIApplicationSupportsIndirectInputEvents[sdk=iphonesimulator*]" = YES;
				"INFOPLIST_KEY_UILaunchScreen_Generation[sdk=iphoneos*]" = YES;
				"INFOPLIST_KEY_UILaunchScreen_Generation[sdk=iphonesimulator*]" = YES;
				"INFOPLIST_KEY_UIStatusBarStyle[sdk=iphoneos*]" = UIStatusBarStyleDefault;
				"INFOPLIST_KEY_UIStatusBarStyle[sdk=iphonesimulator*]" = UIStatusBarStyleDefault;
				INFOPLIST_KEY_UISupportedInterfaceOrientations_iPad = "UIInterfaceOrientationPortrait UIInterfaceOrientationPortraitUpsideDown UIInterfaceOrientationLandscapeLeft UIInterfaceOrientationLandscapeRight";
				INFOPLIST_KEY_UISupportedInterfaceOrientations_iPhone = "UIInterfaceOrientationPortrait UIInterfaceOrientationLandscapeLeft UIInterfaceOrientationLandscapeRight";
				IPHONEOS_DEPLOYMENT_TARGET = 18.6;
				LD_RUNPATH_SEARCH_PATHS = "@executable_path/Frameworks";
				"LD_RUNPATH_SEARCH_PATHS[sdk=macosx*]" = "@executable_path/../Frameworks";
				MACOSX_DEPLOYMENT_TARGET = 26.2;
				MARKETING_VERSION = 1.3;
				PRODUCT_BUNDLE_IDENTIFIER = com.Khawar.LoopTogether;
				PRODUCT_NAME = "$(TARGET_NAME)";
				REGISTER_APP_GROUPS = YES;
				SDKROOT = auto;
				STRING_CATALOG_GENERATE_SYMBOLS = YES;
				SUPPORTED_PLATFORMS = "iphoneos iphonesimulator";
				SUPPORTS_MACCATALYST = NO;
				SWIFT_APPROACHABLE_CONCURRENCY = YES;
				SWIFT_DEFAULT_ACTOR_ISOLATION = MainActor;
				SWIFT_EMIT_LOC_STRINGS = YES;
				SWIFT_UPCOMING_FEATURE_MEMBER_IMPORT_VISIBILITY = YES;
				SWIFT_VERSION = 5.0;
				TARGETED_DEVICE_FAMILY = "1,2";
				XROS_DEPLOYMENT_TARGET = 26.4;
			};
			name = Debug;
		};
		D5E4278A2F94654E0009EA12 /* Release */ = {
			isa = XCBuildConfiguration;
			buildSettings = {
				ASSETCATALOG_COMPILER_APPICON_NAME = AppIcon;
				ASSETCATALOG_COMPILER_GLOBAL_ACCENT_COLOR_NAME = AccentColor;
				CODE_SIGN_ENTITLEMENTS = nameRunner/nameRunner.entitlements;
				CODE_SIGN_STYLE = Automatic;
				CURRENT_PROJECT_VERSION = 1;
				DEVELOPMENT_TEAM = 4XYL5CEK26;
				ENABLE_APP_SANDBOX = YES;
				ENABLE_PREVIEWS = YES;
				ENABLE_USER_SELECTED_FILES = readonly;
				GENERATE_INFOPLIST_FILE = YES;
				INFOPLIST_FILE = nameRunner/Info.plist;
				INFOPLIST_KEY_CFBundleDisplayName = LoopTogether;
				INFOPLIST_KEY_LSApplicationCategoryType = "public.app-category.healthcare-fitness";
				INFOPLIST_KEY_NSGKFriendListUsageDescription = "";
				INFOPLIST_KEY_NSHealthShareUsageDescription = "LoopTogether reads your step count to show daily progress.";
				INFOPLIST_KEY_NSHealthUpdateUsageDescription = "LoopTogether uses HealthKit to save your workout data. ";
				INFOPLIST_KEY_NSLocationAlwaysAndWhenInUseUsageDescription = "LoopTogether needs your location to center running routes around where you are.";
				INFOPLIST_KEY_NSLocationWhenInUseUsageDescription = "LoopTogether needs your location to center running routes around where you are.\nname​Runner needs your location to center running routes around where you are.\n";
				INFOPLIST_KEY_NSSupportsLiveActivities = YES;
				"INFOPLIST_KEY_UIApplicationSceneManifest_Generation[sdk=iphoneos*]" = YES;
				"INFOPLIST_KEY_UIApplicationSceneManifest_Generation[sdk=iphonesimulator*]" = YES;
				"INFOPLIST_KEY_UIApplicationSupportsIndirectInputEvents[sdk=iphoneos*]" = YES;
				"INFOPLIST_KEY_UIApplicationSupportsIndirectInputEvents[sdk=iphonesimulator*]" = YES;
				"INFOPLIST_KEY_UILaunchScreen_Generation[sdk=iphoneos*]" = YES;
				"INFOPLIST_KEY_UILaunchScreen_Generation[sdk=iphonesimulator*]" = YES;
				"INFOPLIST_KEY_UIStatusBarStyle[sdk=iphoneos*]" = UIStatusBarStyleDefault;
				"INFOPLIST_KEY_UIStatusBarStyle[sdk=iphonesimulator*]" = UIStatusBarStyleDefault;
				INFOPLIST_KEY_UISupportedInterfaceOrientations_iPad = "UIInterfaceOrientationPortrait UIInterfaceOrientationPortraitUpsideDown UIInterfaceOrientationLandscapeLeft UIInterfaceOrientationLandscapeRight";
				INFOPLIST_KEY_UISupportedInterfaceOrientations_iPhone = "UIInterfaceOrientationPortrait UIInterfaceOrientationLandscapeLeft UIInterfaceOrientationLandscapeRight";
				IPHONEOS_DEPLOYMENT_TARGET = 18.6;
				LD_RUNPATH_SEARCH_PATHS = "@executable_path/Frameworks";
				"LD_RUNPATH_SEARCH_PATHS[sdk=macosx*]" = "@executable_path/../Frameworks";
				MACOSX_DEPLOYMENT_TARGET = 26.2;
				MARKETING_VERSION = 1.3;
				PRODUCT_BUNDLE_IDENTIFIER = com.Khawar.LoopTogether;
				PRODUCT_NAME = "$(TARGET_NAME)";
				REGISTER_APP_GROUPS = YES;
				SDKROOT = auto;
				STRING_CATALOG_GENERATE_SYMBOLS = YES;
				SUPPORTED_PLATFORMS = "iphoneos iphonesimulator";
				SUPPORTS_MACCATALYST = NO;
				SWIFT_APPROACHABLE_CONCURRENCY = YES;
				SWIFT_DEFAULT_ACTOR_ISOLATION = MainActor;
				SWIFT_EMIT_LOC_STRINGS = YES;
				SWIFT_UPCOMING_FEATURE_MEMBER_IMPORT_VISIBILITY = YES;
				SWIFT_VERSION = 5.0;
				TARGETED_DEVICE_FAMILY = "1,2";
				XROS_DEPLOYMENT_TARGET = 26.4;
			};
			name = Release;
		};
/* End XCBuildConfiguration section */

/* Begin XCConfigurationList section */
		D5B6A6E82F970447007C7872 /* Build configuration list for PBXNativeTarget "LoopTogetherWatch Watch App" */ = {
			isa = XCConfigurationList;
			buildConfigurations = (
				D5B6A6E62F970447007C7872 /* Debug */,
				D5B6A6E72F970447007C7872 /* Release */,
			);
			defaultConfigurationIsVisible = 0;
			defaultConfigurationName = Release;
		};
		D5B6A7172F987358007C7872 /* Build configuration list for PBXNativeTarget "LoopTogetherWidgetExtension" */ = {
			isa = XCConfigurationList;
			buildConfigurations = (
				D5B6A7182F987358007C7872 /* Debug */,
				D5B6A7192F987358007C7872 /* Release */,
			);
			defaultConfigurationIsVisible = 0;
			defaultConfigurationName = Release;
		};
		D5E427782F94654D0009EA12 /* Build configuration list for PBXProject "nameRunner" */ = {
			isa = XCConfigurationList;
			buildConfigurations = (
				D5E427862F94654E0009EA12 /* Debug */,
				D5E427872F94654E0009EA12 /* Release */,
			);
			defaultConfigurationIsVisible = 0;
			defaultConfigurationName = Release;
		};
		D5E427882F94654E0009EA12 /* Build configuration list for PBXNativeTarget "nameRunner" */ = {
			isa = XCConfigurationList;
			buildConfigurations = (
				D5E427892F94654E0009EA12 /* Debug */,
				D5E4278A2F94654E0009EA12 /* Release */,
			);
			defaultConfigurationIsVisible = 0;
			defaultConfigurationName = Release;
		};
/* End XCConfigurationList section */

/* Begin XCRemoteSwiftPackageReference section */
		D5B881E62F960C3D004EC7EC /* XCRemoteSwiftPackageReference "firebase-ios-sdk" */ = {
			isa = XCRemoteSwiftPackageReference;
			repositoryURL = "https://github.com/firebase/firebase-ios-sdk";
			requirement = {
				kind = upToNextMajorVersion;
				minimumVersion = 12.12.1;
			};
		};
		D5B881EF2F961498004EC7EC /* XCRemoteSwiftPackageReference "GoogleSignIn-iOS" */ = {
			isa = XCRemoteSwiftPackageReference;
			repositoryURL = "https://github.com/google/GoogleSignIn-iOS";
			requirement = {
				kind = upToNextMajorVersion;
				minimumVersion = 9.1.0;
			};
		};
/* End XCRemoteSwiftPackageReference section */

/* Begin XCSwiftPackageProductDependency section */
		D5B881E72F960C3D004EC7EC /* FirebaseAuth */ = {
			isa = XCSwiftPackageProductDependency;
			package = D5B881E62F960C3D004EC7EC /* XCRemoteSwiftPackageReference "firebase-ios-sdk" */;
			productName = FirebaseAuth;
		};
		D5B881E92F960C3D004EC7EC /* FirebaseCore */ = {
			isa = XCSwiftPackageProductDependency;
			package = D5B881E62F960C3D004EC7EC /* XCRemoteSwiftPackageReference "firebase-ios-sdk" */;
			productName = FirebaseCore;
		};
		D5B881EB2F960C3D004EC7EC /* FirebaseFirestore */ = {
			isa = XCSwiftPackageProductDependency;
			package = D5B881E62F960C3D004EC7EC /* XCRemoteSwiftPackageReference "firebase-ios-sdk" */;
			productName = FirebaseFirestore;
		};
		D5B881F02F961498004EC7EC /* GoogleSignIn */ = {
			isa = XCSwiftPackageProductDependency;
			package = D5B881EF2F961498004EC7EC /* XCRemoteSwiftPackageReference "GoogleSignIn-iOS" */;
			productName = GoogleSignIn;
		};
		D5B881F22F961498004EC7EC /* GoogleSignInSwift */ = {
			isa = XCSwiftPackageProductDependency;
			package = D5B881EF2F961498004EC7EC /* XCRemoteSwiftPackageReference "GoogleSignIn-iOS" */;
			productName = GoogleSignInSwift;
		};
/* End XCSwiftPackageProductDependency section */
	};
	rootObject = D5E427752F94654D0009EA12 /* Project object */;
}
